{
  "name": "visual",
  "version": "1.0.0",
  "lockfileVersion": 1,
  "requires": true,
  "dependencies": {
    "@types/bingmaps": {
      "version": "0.0.1",
      "resolved": "https://registry.npmjs.org/@types/bingmaps/-/bingmaps-0.0.1.tgz",
      "integrity": "sha512-jNcii5qVe+CLqhj/IOOaZbjCpWUHUj6YbD9UHttgyQSiL4NbgQ5ERQWjIwuvhz73FCQdF/JuGVTnLswgEIdkow=="
    },
    "@types/d3": {
      "version": "3.5.41",
      "resolved": "https://registry.npmjs.org/@types/d3/-/d3-3.5.41.tgz",
      "integrity": "sha512-dInnr7nSPsofnLggOf70xvsInUjf3tRrE8XmxsioXALWQHkwEWi7RhTBCa9mYmiUDHMtuanSDN/JOW187ChIhw=="
    },
    "bingmaps": {
      "version": "2.0.3",
      "resolved": "https://registry.npmjs.org/bingmaps/-/bingmaps-2.0.3.tgz",
      "integrity": "sha1-WFB7PH1inzW1VtYFIrNuoyUPFQ4="
    },
    "d3": {
      "version": "3.5.17",
      "resolved": "https://registry.npmjs.org/d3/-/d3-3.5.17.tgz",
      "integrity": "sha1-vEZ0gAQ3iyGjYMn8fPUjF5B2L7g="
    },
    "powerbi-visuals-utils-dataviewutils": {
      "version": "1.2.0",
      "resolved": "https://registry.npmjs.org/powerbi-visuals-utils-dataviewutils/-/powerbi-visuals-utils-dataviewutils-1.2.0.tgz",
      "integrity": "sha1-WaHJgzVclYoj2ZAYlPZfFXUZMhM="
    }
  }
}
